
Microsoft Visual Studio Solution File, Format Version 12.00
# Visual Studio Version 16
VisualStudioVersion = 16.0.31025.194
MinimumVisualStudioVersion = 10.0.40219.1
Project("{FAE04EC0-301F-11D3-BF4B-00C04F79EFBC}") = "PaymentAPI", "PaymentAPI\PaymentAPI.csproj", "{4764E4D4-ECD5-4890-9D88-26BBB4B1DDB6}"
EndProject
Global
	GlobalSection(SolutionConfigurationPlatforms) = preSolution
		Debug|Any CPU = Debug|Any CPU
		Release|Any CPU = Release|Any CPU
	EndGlobalSection
	GlobalSection(ProjectConfigurationPlatforms) = postSolution
		{4764E4D4-ECD5-4890-9D88-26BBB4B1DDB6}.Debug|Any CPU.ActiveCfg = Debug|Any CPU
		{4764E4D4-ECD5-4890-9D88-26BBB4B1DDB6}.Debug|Any CPU.Build.0 = Debug|Any CPU
		{4764E4D4-ECD5-4890-9D88-26BBB4B1DDB6}.Release|Any CPU.ActiveCfg = Release|Any CPU
		{4764E4D4-ECD5-4890-9D88-26BBB4B1DDB6}.Release|Any CPU.Build.0 = Release|Any CPU
	EndGlobalSection
	GlobalSection(SolutionProperties) = preSolution
		HideSolutionNode = FALSE
	EndGlobalSection
	GlobalSection(ExtensibilityGlobals) = postSolution
		SolutionGuid = {CDE27850-777D-43AC-85F0-F2D668F7C1D6}
	EndGlobalSection
EndGlobal
